
Microsoft Visual Studio Solution File, Format Version 12.00
# Visual Studio Version 17
VisualStudioVersion = 17.5.33414.496
MinimumVisualStudioVersion = 10.0.40219.1
Project("{9A19103F-16F7-4668-BE54-9A1E7A4F7556}") = "Traning", "Traning\Traning.csproj", "{6A37DA66-0A49-40F9-95C4-AF65DA2848DC}"
EndProject
Project("{FAE04EC0-301F-11D3-BF4B-00C04F79EFBC}") = "UnitTestTraining", "UnitTestTraining\UnitTestTraining.csproj", "{63D6A468-2772-4EEA-BC7E-CBF79CF331F4}"
EndProject
Global
	GlobalSection(SolutionConfigurationPlatforms) = preSolution
		Debug|Any CPU = Debug|Any CPU
		Release|Any CPU = Release|Any CPU
	EndGlobalSection
	GlobalSection(ProjectConfigurationPlatforms) = postSolution
		{6A37DA66-0A49-40F9-95C4-AF65DA2848DC}.Debug|Any CPU.ActiveCfg = Debug|Any CPU
		{6A37DA66-0A49-40F9-95C4-AF65DA2848DC}.Debug|Any CPU.Build.0 = Debug|Any CPU
		{6A37DA66-0A49-40F9-95C4-AF65DA2848DC}.Release|Any CPU.ActiveCfg = Release|Any CPU
		{6A37DA66-0A49-40F9-95C4-AF65DA2848DC}.Release|Any CPU.Build.0 = Release|Any CPU
		{63D6A468-2772-4EEA-BC7E-CBF79CF331F4}.Debug|Any CPU.ActiveCfg = Debug|Any CPU
		{63D6A468-2772-4EEA-BC7E-CBF79CF331F4}.Debug|Any CPU.Build.0 = Debug|Any CPU
		{63D6A468-2772-4EEA-BC7E-CBF79CF331F4}.Release|Any CPU.ActiveCfg = Release|Any CPU
		{63D6A468-2772-4EEA-BC7E-CBF79CF331F4}.Release|Any CPU.Build.0 = Release|Any CPU
	EndGlobalSection
	GlobalSection(SolutionProperties) = preSolution
		HideSolutionNode = FALSE
	EndGlobalSection
	GlobalSection(ExtensibilityGlobals) = postSolution
		SolutionGuid = {F73FDC6C-ADC4-487D-BD43-9DA0CEF0ED52}
	EndGlobalSection
EndGlobal
